# THIS IS AN AUTOGENERATED FILE. DO NOT EDIT THIS FILE DIRECTLY.
# yarn lockfile v1


aws-sdk@^2.197.0:
  version "2.207.0"
  resolved "https://registry.yarnpkg.com/aws-sdk/-/aws-sdk-2.207.0.tgz#c0a30977d8d2788301850b265ff05eb7c9fdf7f2"
  dependencies:
    buffer "4.9.1"
    events "^1.1.1"
    jmespath "0.15.0"
    querystring "0.2.0"
    sax "1.2.1"
    url "0.10.3"
    uuid "3.1.0"
    xml2js "0.4.17"
    xmlbuilder "4.2.1"

base64-js@^1.0.2:
  version "1.2.3"
  resolved "https://registry.yarnpkg.com/base64-js/-/base64-js-1.2.3.tgz#fb13668233d9614cf5fb4bce95a9ba4096cdf801"

bson@~1.0.4:
  version "1.0.5"
  resolved "https://registry.yarnpkg.com/bson/-/bson-1.0.5.tgz#34563b73ff1fde9387c1b9fb5afd845ecc4ba623"

buffer-shims@~1.0.0:
  version "1.0.0"
  resolved "https://registry.yarnpkg.com/buffer-shims/-/buffer-shims-1.0.0.tgz#9978ce317388c649ad8793028c3477ef044a8b51"

buffer-writer@1.0.1:
  version "1.0.1"
  resolved "https://registry.yarnpkg.com/buffer-writer/-/buffer-writer-1.0.1.tgz#22a936901e3029afcd7547eb4487ceb697a3bf08"

buffer@4.9.1:
  version "4.9.1"
  resolved "https://registry.yarnpkg.com/buffer/-/buffer-4.9.1.tgz#6d1bb601b07a4efced97094132093027c95bc298"
  dependencies:
    base64-js "^1.0.2"
    ieee754 "^1.1.4"
    isarray "^1.0.0"

core-util-is@~1.0.0:
  version "1.0.2"
  resolved "https://registry.yarnpkg.com/core-util-is/-/core-util-is-1.0.2.tgz#b5fd54220aa2bc5ab57aab7140c940754503c1a7"

each-series@^1.0.0:
  version "1.0.0"
  resolved "https://registry.yarnpkg.com/each-series/-/each-series-1.0.0.tgz#f886e6c66dfdb25ef1fe73564146ee5cb478afcb"

es6-promise@3.2.1:
  version "3.2.1"
  resolved "https://registry.yarnpkg.com/es6-promise/-/es6-promise-3.2.1.tgz#ec56233868032909207170c39448e24449dd1fc4"

events@^1.1.1:
  version "1.1.1"
  resolved "https://registry.yarnpkg.com/events/-/events-1.1.1.tgz#9ebdb7635ad099c70dcc4c2a1f5004288e8bd924"

ieee754@^1.1.4:
  version "1.1.8"
  resolved "https://registry.yarnpkg.com/ieee754/-/ieee754-1.1.8.tgz#be33d40ac10ef1926701f6f08a2d86fbfd1ad3e4"

inherits@~2.0.1, inherits@~2.0.3:
  version "2.0.3"
  resolved "https://registry.yarnpkg.com/inherits/-/inherits-2.0.3.tgz#633c2c83e3da42a502f52466022480f4208261de"

isarray@^1.0.0, isarray@~1.0.0:
  version "1.0.0"
  resolved "https://registry.yarnpkg.com/isarray/-/isarray-1.0.0.tgz#bb935d48582cba168c06834957a54a3e07124f11"

jmespath@0.15.0:
  version "0.15.0"
  resolved "https://registry.yarnpkg.com/jmespath/-/jmespath-0.15.0.tgz#a3f222a9aae9f966f5d27c796510e28091764217"

js-string-escape@1.0.1:
  version "1.0.1"
  resolved "https://registry.yarnpkg.com/js-string-escape/-/js-string-escape-1.0.1.tgz#e2625badbc0d67c7533e9edc1068c587ae4137ef"

lodash@^4.0.0, lodash@^4.17.5:
  version "4.17.5"
  resolved "https://registry.yarnpkg.com/lodash/-/lodash-4.17.5.tgz#99a92d65c0272debe8c96b6057bc8fbfa3bed511"

moment@^2.20.1:
  version "2.21.0"
  resolved "https://registry.yarnpkg.com/moment/-/moment-2.21.0.tgz#2a114b51d2a6ec9e6d83cf803f838a878d8a023a"

mongodb-core@2.1.19:
  version "2.1.19"
  resolved "https://registry.yarnpkg.com/mongodb-core/-/mongodb-core-2.1.19.tgz#00fbd5e5a3573763b9171cfd844e60a8f2a3a18b"
  dependencies:
    bson "~1.0.4"
    require_optional "~1.0.0"

mongodb@^2.2.31:
  version "2.2.35"
  resolved "https://registry.yarnpkg.com/mongodb/-/mongodb-2.2.35.tgz#cd1b5af8a9463e3f9a787fa5b3d05565579730f9"
  dependencies:
    es6-promise "3.2.1"
    mongodb-core "2.1.19"
    readable-stream "2.2.7"

mongojs@^2.5.0:
  version "2.5.0"
  resolved "https://registry.yarnpkg.com/mongojs/-/mongojs-2.5.0.tgz#abbd17616047e3593496715917c4f2e24585205d"
  dependencies:
    each-series "^1.0.0"
    mongodb "^2.2.31"
    once "^1.4.0"
    parse-mongo-url "^1.1.1"
    readable-stream "^2.3.3"
    thunky "^1.0.2"
    to-mongodb-core "^2.0.0"
    xtend "^4.0.1"

once@^1.4.0:
  version "1.4.0"
  resolved "https://registry.yarnpkg.com/once/-/once-1.4.0.tgz#583b1aa775961d4b113ac17d9c50baef9dd76bd1"
  dependencies:
    wrappy "1"

osiris-es@^1.1.0:
  version "1.1.0"
  resolved "https://registry.yarnpkg.com/osiris-es/-/osiris-es-1.1.0.tgz#d96790e9b318b1a3676b34d56968ff2db9bea332"
  dependencies:
    aws-sdk "^2.197.0"
    lodash "^4.17.5"
    moment "^2.20.1"
    mongojs "^2.5.0"
    pg "^7.4.1"
    uuid "^3.2.1"

packet-reader@0.3.1:
  version "0.3.1"
  resolved "https://registry.yarnpkg.com/packet-reader/-/packet-reader-0.3.1.tgz#cd62e60af8d7fea8a705ec4ff990871c46871f27"

parse-mongo-url@^1.1.1:
  version "1.1.1"
  resolved "https://registry.yarnpkg.com/parse-mongo-url/-/parse-mongo-url-1.1.1.tgz#66238df5f8e7c0c8ca4cd970d4ab6a1373eb75b5"

pg-connection-string@0.1.3:
  version "0.1.3"
  resolved "https://registry.yarnpkg.com/pg-connection-string/-/pg-connection-string-0.1.3.tgz#da1847b20940e42ee1492beaf65d49d91b245df7"

pg-pool@~2.0.3:
  version "2.0.3"
  resolved "https://registry.yarnpkg.com/pg-pool/-/pg-pool-2.0.3.tgz#c022032c8949f312a4f91fb6409ce04076be3257"

pg-types@~1.12.1:
  version "1.12.1"
  resolved "https://registry.yarnpkg.com/pg-types/-/pg-types-1.12.1.tgz#d64087e3903b58ffaad279e7595c52208a14c3d2"
  dependencies:
    postgres-array "~1.0.0"
    postgres-bytea "~1.0.0"
    postgres-date "~1.0.0"
    postgres-interval "^1.1.0"

pg@^7.4.1:
  version "7.4.1"
  resolved "https://registry.yarnpkg.com/pg/-/pg-7.4.1.tgz#f3411c8ddf9f692322fe05e7017a1888e47f78f1"
  dependencies:
    buffer-writer "1.0.1"
    js-string-escape "1.0.1"
    packet-reader "0.3.1"
    pg-connection-string "0.1.3"
    pg-pool "~2.0.3"
    pg-types "~1.12.1"
    pgpass "1.x"
    semver "4.3.2"

pgpass@1.x:
  version "1.0.2"
  resolved "https://registry.yarnpkg.com/pgpass/-/pgpass-1.0.2.tgz#2a7bb41b6065b67907e91da1b07c1847c877b306"
  dependencies:
    split "^1.0.0"

postgres-array@~1.0.0:
  version "1.0.2"
  resolved "https://registry.yarnpkg.com/postgres-array/-/postgres-array-1.0.2.tgz#8e0b32eb03bf77a5c0a7851e0441c169a256a238"

postgres-bytea@~1.0.0:
  version "1.0.0"
  resolved "https://registry.yarnpkg.com/postgres-bytea/-/postgres-bytea-1.0.0.tgz#027b533c0aa890e26d172d47cf9ccecc521acd35"

postgres-date@~1.0.0:
  version "1.0.3"
  resolved "https://registry.yarnpkg.com/postgres-date/-/postgres-date-1.0.3.tgz#e2d89702efdb258ff9d9cee0fe91bd06975257a8"

postgres-interval@^1.1.0:
  version "1.1.1"
  resolved "https://registry.yarnpkg.com/postgres-interval/-/postgres-interval-1.1.1.tgz#acdb0f897b4b1c6e496d9d4e0a853e1c428f06f0"
  dependencies:
    xtend "^4.0.0"

process-nextick-args@~1.0.6:
  version "1.0.7"
  resolved "https://registry.yarnpkg.com/process-nextick-args/-/process-nextick-args-1.0.7.tgz#150e20b756590ad3f91093f25a4f2ad8bff30ba3"

process-nextick-args@~2.0.0:
  version "2.0.0"
  resolved "https://registry.yarnpkg.com/process-nextick-args/-/process-nextick-args-2.0.0.tgz#a37d732f4271b4ab1ad070d35508e8290788ffaa"

punycode@1.3.2:
  version "1.3.2"
  resolved "https://registry.yarnpkg.com/punycode/-/punycode-1.3.2.tgz#9653a036fb7c1ee42342f2325cceefea3926c48d"

querystring@0.2.0:
  version "0.2.0"
  resolved "https://registry.yarnpkg.com/querystring/-/querystring-0.2.0.tgz#b209849203bb25df820da756e747005878521620"

readable-stream@2.2.7:
  version "2.2.7"
  resolved "https://registry.yarnpkg.com/readable-stream/-/readable-stream-2.2.7.tgz#07057acbe2467b22042d36f98c5ad507054e95b1"
  dependencies:
    buffer-shims "~1.0.0"
    core-util-is "~1.0.0"
    inherits "~2.0.1"
    isarray "~1.0.0"
    process-nextick-args "~1.0.6"
    string_decoder "~1.0.0"
    util-deprecate "~1.0.1"

readable-stream@^2.3.3:
  version "2.3.5"
  resolved "https://registry.yarnpkg.com/readable-stream/-/readable-stream-2.3.5.tgz#b4f85003a938cbb6ecbce2a124fb1012bd1a838d"
  dependencies:
    core-util-is "~1.0.0"
    inherits "~2.0.3"
    isarray "~1.0.0"
    process-nextick-args "~2.0.0"
    safe-buffer "~5.1.1"
    string_decoder "~1.0.3"
    util-deprecate "~1.0.1"

require_optional@~1.0.0:
  version "1.0.1"
  resolved "https://registry.yarnpkg.com/require_optional/-/require_optional-1.0.1.tgz#4cf35a4247f64ca3df8c2ef208cc494b1ca8fc2e"
  dependencies:
    resolve-from "^2.0.0"
    semver "^5.1.0"

resolve-from@^2.0.0:
  version "2.0.0"
  resolved "https://registry.yarnpkg.com/resolve-from/-/resolve-from-2.0.0.tgz#9480ab20e94ffa1d9e80a804c7ea147611966b57"

safe-buffer@~5.1.0, safe-buffer@~5.1.1:
  version "5.1.1"
  resolved "https://registry.yarnpkg.com/safe-buffer/-/safe-buffer-5.1.1.tgz#893312af69b2123def71f57889001671eeb2c853"

sax@1.2.1:
  version "1.2.1"
  resolved "https://registry.yarnpkg.com/sax/-/sax-1.2.1.tgz#7b8e656190b228e81a66aea748480d828cd2d37a"

sax@>=0.6.0:
  version "1.2.4"
  resolved "https://registry.yarnpkg.com/sax/-/sax-1.2.4.tgz#2816234e2378bddc4e5354fab5caa895df7100d9"

semver@4.3.2:
  version "4.3.2"
  resolved "https://registry.yarnpkg.com/semver/-/semver-4.3.2.tgz#c7a07158a80bedd052355b770d82d6640f803be7"

semver@^5.1.0:
  version "5.5.0"
  resolved "https://registry.yarnpkg.com/semver/-/semver-5.5.0.tgz#dc4bbc7a6ca9d916dee5d43516f0092b58f7b8ab"

split@^1.0.0:
  version "1.0.1"
  resolved "https://registry.yarnpkg.com/split/-/split-1.0.1.tgz#605bd9be303aa59fb35f9229fbea0ddec9ea07d9"
  dependencies:
    through "2"

string_decoder@~1.0.0, string_decoder@~1.0.3:
  version "1.0.3"
  resolved "https://registry.yarnpkg.com/string_decoder/-/string_decoder-1.0.3.tgz#0fc67d7c141825de94282dd536bec6b9bce860ab"
  dependencies:
    safe-buffer "~5.1.0"

through@2:
  version "2.3.8"
  resolved "https://registry.yarnpkg.com/through/-/through-2.3.8.tgz#0dd4c9ffaabc357960b1b724115d7e0e86a2e1f5"

thunky@^1.0.2:
  version "1.0.2"
  resolved "https://registry.yarnpkg.com/thunky/-/thunky-1.0.2.tgz#a862e018e3fb1ea2ec3fce5d55605cf57f247371"

to-mongodb-core@^2.0.0:
  version "2.0.0"
  resolved "https://registry.yarnpkg.com/to-mongodb-core/-/to-mongodb-core-2.0.0.tgz#3596ec7613ac9ad3b98a89dcb9aefba569cd27eb"

url@0.10.3:
  version "0.10.3"
  resolved "https://registry.yarnpkg.com/url/-/url-0.10.3.tgz#021e4d9c7705f21bbf37d03ceb58767402774c64"
  dependencies:
    punycode "1.3.2"
    querystring "0.2.0"

util-deprecate@~1.0.1:
  version "1.0.2"
  resolved "https://registry.yarnpkg.com/util-deprecate/-/util-deprecate-1.0.2.tgz#450d4dc9fa70de732762fbd2d4a28981419a0ccf"

uuid@3.1.0:
  version "3.1.0"
  resolved "https://registry.yarnpkg.com/uuid/-/uuid-3.1.0.tgz#3dd3d3e790abc24d7b0d3a034ffababe28ebbc04"

uuid@^3.2.1:
  version "3.2.1"
  resolved "https://registry.yarnpkg.com/uuid/-/uuid-3.2.1.tgz#12c528bb9d58d0b9265d9a2f6f0fe8be17ff1f14"

wrappy@1:
  version "1.0.2"
  resolved "https://registry.yarnpkg.com/wrappy/-/wrappy-1.0.2.tgz#b5243d8f3ec1aa35f1364605bc0d1036e30ab69f"

xml2js@0.4.17:
  version "0.4.17"
  resolved "https://registry.yarnpkg.com/xml2js/-/xml2js-0.4.17.tgz#17be93eaae3f3b779359c795b419705a8817e868"
  dependencies:
    sax ">=0.6.0"
    xmlbuilder "^4.1.0"

xmlbuilder@4.2.1, xmlbuilder@^4.1.0:
  version "4.2.1"
  resolved "https://registry.yarnpkg.com/xmlbuilder/-/xmlbuilder-4.2.1.tgz#aa58a3041a066f90eaa16c2f5389ff19f3f461a5"
  dependencies:
    lodash "^4.0.0"

xtend@^4.0.0, xtend@^4.0.1:
  version "4.0.1"
  resolved "https://registry.yarnpkg.com/xtend/-/xtend-4.0.1.tgz#a5c6d532be656e23db820efb943a1f04998d63af"
